{
  "name": "ListGistsUser",
  "lockfileVersion": 3,
  "requires": true,
  "packages": {
    "": {
      "dependencies": {
        "highlight.js": "^11.7.0",
        "jquery-highlight": "^3.5.0"
      }
    },
    "node_modules/highlight.js": {
      "version": "11.7.0",
      "resolved": "https://registry.npmjs.org/highlight.js/-/highlight.js-11.7.0.tgz",
      "integrity": "sha512-1rRqesRFhMO/PRF+G86evnyJkCgaZFOI+Z6kdj15TA18funfoqJXvgPCLSf0SWq3SRfg1j3HlDs8o4s3EGq1oQ==",
      "engines": {
        "node": ">=12.0.0"
      }
    },
    "node_modules/jquery": {
      "version": "3.6.3",
      "resolved": "https://registry.npmjs.org/jquery/-/jquery-3.6.3.tgz",
      "integrity": "sha512-bZ5Sy3YzKo9Fyc8wH2iIQK4JImJ6R0GWI9kL1/k7Z91ZBNgkRXE6U0JfHIizZbort8ZunhSI3jw9I6253ahKfg=="
    },
    "node_modules/jquery-highlight": {
      "version": "3.5.0",
      "resolved": "https://registry.npmjs.org/jquery-highlight/-/jquery-highlight-3.5.0.tgz",
      "integrity": "sha512-5gzRomQyy3n/byb2G5zhbavdiXcPZ6rAWXtU5FgdEvguDEn90kMm9/QARY3zdKhH/+tfqqu9GNKocbMGf7ThNg==",
      "dependencies": {
        "jquery": ">= 1.0.0"
      }
    }
  }
}
